// !$*UTF8*$!
{
	archiveVersion = 1;
	classes = {
	};
	objectVersion = 56;
	objects = {

/* Begin PBXBuildFile section */
		4A58200329952D3D0001B875 /* CreatorViewController.swift in Sources */ = {isa = PBXBuildFile; fileRef = 4A58200229952D3D0001B875 /* CreatorViewController.swift */; };
		4A58200529952DA10001B875 /* BracketViewController.swift in Sources */ = {isa = PBXBuildFile; fileRef = 4A58200429952DA10001B875 /* BracketViewController.swift */; };
		4A5E30D629ACF54A00219E34 /* FinalWinnerViewController.swift in Sources */ = {isa = PBXBuildFile; fileRef = 4A5E30D529ACF54A00219E34 /* FinalWinnerViewController.swift */; };
		4A999BDD2993DE2000F82201 /* AppDelegate.swift in Sources */ = {isa = PBXBuildFile; fileRef = 4A999BDC2993DE2000F82201 /* AppDelegate.swift */; };
		4A999BDF2993DE2000F82201 /* SceneDelegate.swift in Sources */ = {isa = PBXBuildFile; fileRef = 4A999BDE2993DE2000F82201 /* SceneDelegate.swift */; };
		4A999BE12993DE2000F82201 /* ViewController.swift in Sources */ = {isa = PBXBuildFile; fileRef = 4A999BE02993DE2000F82201 /* ViewController.swift */; };
		4A999BE42993DE2000F82201 /* Main.storyboard in Resources */ = {isa = PBXBuildFile; fileRef = 4A999BE22993DE2000F82201 /* Main.storyboard */; };
		4A999BE72993DE2000F82201 /* newBracketApp.xcdatamodeld in Sources */ = {isa = PBXBuildFile; fileRef = 4A999BE52993DE2000F82201 /* newBracketApp.xcdatamodeld */; };
		4A999BE92993DE2000F82201 /* Assets.xcassets in Resources */ = {isa = PBXBuildFile; fileRef = 4A999BE82993DE2000F82201 /* Assets.xcassets */; };
		4A999BEC2993DE2000F82201 /* LaunchScreen.storyboard in Resources */ = {isa = PBXBuildFile; fileRef = 4A999BEA2993DE2000F82201 /* LaunchScreen.storyboard */; };
		4A999BF72993DE2100F82201 /* newBracketAppTests.swift in Sources */ = {isa = PBXBuildFile; fileRef = 4A999BF62993DE2100F82201 /* newBracketAppTests.swift */; };
		4A999C012993DE2100F82201 /* newBracketAppUITests.swift in Sources */ = {isa = PBXBuildFile; fileRef = 4A999C002993DE2100F82201 /* newBracketAppUITests.swift */; };
		4A999C032993DE2100F82201 /* newBracketAppUITestsLaunchTests.swift in Sources */ = {isa = PBXBuildFile; fileRef = 4A999C022993DE2100F82201 /* newBracketAppUITestsLaunchTests.swift */; };
		4A9D295F299A7F270092B602 /* VsCell.swift in Sources */ = {isa = PBXBuildFile; fileRef = 4A9D295E299A7F270092B602 /* VsCell.swift */; };
		4AB3AC5D299D1B3F00431938 /* WinnerVC.swift in Sources */ = {isa = PBXBuildFile; fileRef = 4AB3AC5C299D1B3F00431938 /* WinnerVC.swift */; };
		683C72E02993E312000059E6 /* matchUp.swift in Sources */ = {isa = PBXBuildFile; fileRef = 683C72DF2993E312000059E6 /* matchUp.swift */; };
		68641ABA29ACF366000294E8 /* BracketObject.swift in Sources */ = {isa = PBXBuildFile; fileRef = 68641AB929ACF366000294E8 /* BracketObject.swift */; };
		6867041C29B0DE410056AF2F /* GoogleService-Info.plist in Resources */ = {isa = PBXBuildFile; fileRef = 6867041B29B0DE410056AF2F /* GoogleService-Info.plist */; };
		6867041F29B0DFBA0056AF2F /* FirebaseAnalytics in Frameworks */ = {isa = PBXBuildFile; productRef = 6867041E29B0DFBA0056AF2F /* FirebaseAnalytics */; };
		6867042129B0DFBA0056AF2F /* FirebaseAuth in Frameworks */ = {isa = PBXBuildFile; productRef = 6867042029B0DFBA0056AF2F /* FirebaseAuth */; };
		6867042329B0DFBA0056AF2F /* FirebaseDatabase in Frameworks */ = {isa = PBXBuildFile; productRef = 6867042229B0DFBA0056AF2F /* FirebaseDatabase */; };
		6867042529B0DFBA0056AF2F /* FirebaseDatabaseSwift in Frameworks */ = {isa = PBXBuildFile; productRef = 6867042429B0DFBA0056AF2F /* FirebaseDatabaseSwift */; };
		6867042729B0DFBA0056AF2F /* FirebaseFirestore in Frameworks */ = {isa = PBXBuildFile; productRef = 6867042629B0DFBA0056AF2F /* FirebaseFirestore */; };
		6884ADBA299E68A100C353AD /* roundClass.swift in Sources */ = {isa = PBXBuildFile; fileRef = 6884ADB9299E68A100C353AD /* roundClass.swift */; };
		D899875329AF902000FE9B8F /* NewBracketViewController.swift in Sources */ = {isa = PBXBuildFile; fileRef = D899875229AF902000FE9B8F /* NewBracketViewController.swift */; };
		D8ECDD1829BA3B6C009676C3 /* Bracket4ViewController.swift in Sources */ = {isa = PBXBuildFile; fileRef = D8ECDD1729BA3B6C009676C3 /* Bracket4ViewController.swift */; };
		D8ECDD1A29BA3B85009676C3 /* Bracket8ViewController.swift in Sources */ = {isa = PBXBuildFile; fileRef = D8ECDD1929BA3B85009676C3 /* Bracket8ViewController.swift */; };
		D8ECDD1C29BA3B94009676C3 /* Bracket16ViewController.swift in Sources */ = {isa = PBXBuildFile; fileRef = D8ECDD1B29BA3B94009676C3 /* Bracket16ViewController.swift */; };
/* End PBXBuildFile section */

/* Begin PBXContainerItemProxy section */
		4A999BF32993DE2000F82201 /* PBXContainerItemProxy */ = {
			isa = PBXContainerItemProxy;
			containerPortal = 4A999BD12993DE2000F82201 /* Project object */;
			proxyType = 1;
			remoteGlobalIDString = 4A999BD82993DE2000F82201;
			remoteInfo = newBracketApp;
		};
		4A999BFD2993DE2100F82201 /* PBXContainerItemProxy */ = {
			isa = PBXContainerItemProxy;
			containerPortal = 4A999BD12993DE2000F82201 /* Project object */;
			proxyType = 1;
			remoteGlobalIDString = 4A999BD82993DE2000F82201;
			remoteInfo = newBracketApp;
		};
/* End PBXContainerItemProxy section */

/* Begin PBXFileReference section */
		4A58200229952D3D0001B875 /* CreatorViewController.swift */ = {isa = PBXFileReference; lastKnownFileType = sourcecode.swift; path = CreatorViewController.swift; sourceTree = "<group>"; };
		4A58200429952DA10001B875 /* BracketViewController.swift */ = {isa = PBXFileReference; lastKnownFileType = sourcecode.swift; path = BracketViewController.swift; sourceTree = "<group>"; };
		4A5E30D529ACF54A00219E34 /* FinalWinnerViewController.swift */ = {isa = PBXFileReference; lastKnownFileType = sourcecode.swift; path = FinalWinnerViewController.swift; sourceTree = "<group>"; };
		4A999BD92993DE2000F82201 /* newBracketApp.app */ = {isa = PBXFileReference; explicitFileType = wrapper.application; includeInIndex = 0; path = newBracketApp.app; sourceTree = BUILT_PRODUCTS_DIR; };
		4A999BDC2993DE2000F82201 /* AppDelegate.swift */ = {isa = PBXFileReference; lastKnownFileType = sourcecode.swift; path = AppDelegate.swift; sourceTree = "<group>"; };
		4A999BDE2993DE2000F82201 /* SceneDelegate.swift */ = {isa = PBXFileReference; lastKnownFileType = sourcecode.swift; path = SceneDelegate.swift; sourceTree = "<group>"; };
		4A999BE02993DE2000F82201 /* ViewController.swift */ = {isa = PBXFileReference; lastKnownFileType = sourcecode.swift; path = ViewController.swift; sourceTree = "<group>"; };
		4A999BE32993DE2000F82201 /* Base */ = {isa = PBXFileReference; lastKnownFileType = file.storyboard; name = Base; path = Base.lproj/Main.storyboard; sourceTree = "<group>"; };
		4A999BE62993DE2000F82201 /* newBracketApp.xcdatamodel */ = {isa = PBXFileReference; lastKnownFileType = wrapper.xcdatamodel; path = newBracketApp.xcdatamodel; sourceTree = "<group>"; };
		4A999BE82993DE2000F82201 /* Assets.xcassets */ = {isa = PBXFileReference; lastKnownFileType = folder.assetcatalog; path = Assets.xcassets; sourceTree = "<group>"; };
		4A999BEB2993DE2000F82201 /* Base */ = {isa = PBXFileReference; lastKnownFileType = file.storyboard; name = Base; path = Base.lproj/LaunchScreen.storyboard; sourceTree = "<group>"; };
		4A999BED2993DE2000F82201 /* Info.plist */ = {isa = PBXFileReference; lastKnownFileType = text.plist.xml; path = Info.plist; sourceTree = "<group>"; };
		4A999BF22993DE2000F82201 /* newBracketAppTests.xctest */ = {isa = PBXFileReference; explicitFileType = wrapper.cfbundle; includeInIndex = 0; path = newBracketAppTests.xctest; sourceTree = BUILT_PRODUCTS_DIR; };
		4A999BF62993DE2100F82201 /* newBracketAppTests.swift */ = {isa = PBXFileReference; lastKnownFileType = sourcecode.swift; path = newBracketAppTests.swift; sourceTree = "<group>"; };
		4A999BFC2993DE2100F82201 /* newBracketAppUITests.xctest */ = {isa = PBXFileReference; explicitFileType = wrapper.cfbundle; includeInIndex = 0; path = newBracketAppUITests.xctest; sourceTree = BUILT_PRODUCTS_DIR; };
		4A999C002993DE2100F82201 /* newBracketAppUITests.swift */ = {isa = PBXFileReference; lastKnownFileType = sourcecode.swift; path = newBracketAppUITests.swift; sourceTree = "<group>"; };
		4A999C022993DE2100F82201 /* newBracketAppUITestsLaunchTests.swift */ = {isa = PBXFileReference; lastKnownFileType = sourcecode.swift; path = newBracketAppUITestsLaunchTests.swift; sourceTree = "<group>"; };
		4A9D295E299A7F270092B602 /* VsCell.swift */ = {isa = PBXFileReference; lastKnownFileType = sourcecode.swift; path = VsCell.swift; sourceTree = "<group>"; };
		4AB3AC5C299D1B3F00431938 /* WinnerVC.swift */ = {isa = PBXFileReference; lastKnownFileType = sourcecode.swift; path = WinnerVC.swift; sourceTree = "<group>"; };
		683C72DF2993E312000059E6 /* matchUp.swift */ = {isa = PBXFileReference; lastKnownFileType = sourcecode.swift; path = matchUp.swift; sourceTree = "<group>"; };
		68641AB929ACF366000294E8 /* BracketObject.swift */ = {isa = PBXFileReference; lastKnownFileType = sourcecode.swift; path = BracketObject.swift; sourceTree = "<group>"; };
		6867041B29B0DE410056AF2F /* GoogleService-Info.plist */ = {isa = PBXFileReference; fileEncoding = 4; lastKnownFileType = text.plist.xml; path = "GoogleService-Info.plist"; sourceTree = "<group>"; };
		6884ADB9299E68A100C353AD /* roundClass.swift */ = {isa = PBXFileReference; lastKnownFileType = sourcecode.swift; path = roundClass.swift; sourceTree = "<group>"; };
		D899875229AF902000FE9B8F /* NewBracketViewController.swift */ = {isa = PBXFileReference; fileEncoding = 4; lastKnownFileType = sourcecode.swift; path = NewBracketViewController.swift; sourceTree = "<group>"; };
		D8ECDD1729BA3B6C009676C3 /* Bracket4ViewController.swift */ = {isa = PBXFileReference; lastKnownFileType = sourcecode.swift; path = Bracket4ViewController.swift; sourceTree = "<group>"; };
		D8ECDD1929BA3B85009676C3 /* Bracket8ViewController.swift */ = {isa = PBXFileReference; lastKnownFileType = sourcecode.swift; path = Bracket8ViewController.swift; sourceTree = "<group>"; };
		D8ECDD1B29BA3B94009676C3 /* Bracket16ViewController.swift */ = {isa = PBXFileReference; lastKnownFileType = sourcecode.swift; path = Bracket16ViewController.swift; sourceTree = "<group>"; };
/* End PBXFileReference section */

/* Begin PBXFrameworksBuildPhase section */
		4A999BD62993DE2000F82201 /* Frameworks */ = {
			isa = PBXFrameworksBuildPhase;
			buildActionMask = 2147483647;
			files = (
				6867042529B0DFBA0056AF2F /* FirebaseDatabaseSwift in Frameworks */,
				6867042329B0DFBA0056AF2F /* FirebaseDatabase in Frameworks */,
				6867041F29B0DFBA0056AF2F /* FirebaseAnalytics in Frameworks */,
				6867042729B0DFBA0056AF2F /* FirebaseFirestore in Frameworks */,
				6867042129B0DFBA0056AF2F /* FirebaseAuth in Frameworks */,
			);
			runOnlyForDeploymentPostprocessing = 0;
		};
		4A999BEF2993DE2000F82201 /* Frameworks */ = {
			isa = PBXFrameworksBuildPhase;
			buildActionMask = 2147483647;
			files = (
			);
			runOnlyForDeploymentPostprocessing = 0;
		};
		4A999BF92993DE2100F82201 /* Frameworks */ = {
			isa = PBXFrameworksBuildPhase;
			buildActionMask = 2147483647;
			files = (
			);
			runOnlyForDeploymentPostprocessing = 0;
		};
/* End PBXFrameworksBuildPhase section */

/* Begin PBXGroup section */
		4A999BD02993DE2000F82201 = {
			isa = PBXGroup;
			children = (
				4A999BDB2993DE2000F82201 /* newBracketApp */,
				4A999BF52993DE2000F82201 /* newBracketAppTests */,
				4A999BFF2993DE2100F82201 /* newBracketAppUITests */,
				4A999BDA2993DE2000F82201 /* Products */,
			);
			sourceTree = "<group>";
		};
		4A999BDA2993DE2000F82201 /* Products */ = {
			isa = PBXGroup;
			children = (
				4A999BD92993DE2000F82201 /* newBracketApp.app */,
				4A999BF22993DE2000F82201 /* newBracketAppTests.xctest */,
				4A999BFC2993DE2100F82201 /* newBracketAppUITests.xctest */,
			);
			name = Products;
			sourceTree = "<group>";
		};
		4A999BDB2993DE2000F82201 /* newBracketApp */ = {
			isa = PBXGroup;
			children = (
				68A9774B29BB6D9B008BF006 /* maxVCs */,
				4A999BDC2993DE2000F82201 /* AppDelegate.swift */,
				4A999BDE2993DE2000F82201 /* SceneDelegate.swift */,
				4A999BE02993DE2000F82201 /* ViewController.swift */,
				68641AB929ACF366000294E8 /* BracketObject.swift */,
				683C72DF2993E312000059E6 /* matchUp.swift */,
				4A999BE22993DE2000F82201 /* Main.storyboard */,
				4A5E30D529ACF54A00219E34 /* FinalWinnerViewController.swift */,
				4AB3AC5C299D1B3F00431938 /* WinnerVC.swift */,
				4A9D295E299A7F270092B602 /* VsCell.swift */,
				6884ADB9299E68A100C353AD /* roundClass.swift */,
				4A58200429952DA10001B875 /* BracketViewController.swift */,
				4A58200229952D3D0001B875 /* CreatorViewController.swift */,
				4A999BE82993DE2000F82201 /* Assets.xcassets */,
				4A999BEA2993DE2000F82201 /* LaunchScreen.storyboard */,
				6867041B29B0DE410056AF2F /* GoogleService-Info.plist */,
				4A999BED2993DE2000F82201 /* Info.plist */,
				4A999BE52993DE2000F82201 /* newBracketApp.xcdatamodeld */,
			);
			path = newBracketApp;
			sourceTree = "<group>";
		};
		4A999BF52993DE2000F82201 /* newBracketAppTests */ = {
			isa = PBXGroup;
			children = (
				4A999BF62993DE2100F82201 /* newBracketAppTests.swift */,
			);
			path = newBracketAppTests;
			sourceTree = "<group>";
		};
		4A999BFF2993DE2100F82201 /* newBracketAppUITests */ = {
			isa = PBXGroup;
			children = (
				4A999C002993DE2100F82201 /* newBracketAppUITests.swift */,
				4A999C022993DE2100F82201 /* newBracketAppUITestsLaunchTests.swift */,
			);
			path = newBracketAppUITests;
			sourceTree = "<group>";
		};
		68A9774B29BB6D9B008BF006 /* maxVCs */ = {
			isa = PBXGroup;
			children = (
				D899875229AF902000FE9B8F /* NewBracketViewController.swift */,
				D8ECDD1729BA3B6C009676C3 /* Bracket4ViewController.swift */,
				D8ECDD1929BA3B85009676C3 /* Bracket8ViewController.swift */,
				D8ECDD1B29BA3B94009676C3 /* Bracket16ViewController.swift */,
			);
			path = maxVCs;
			sourceTree = "<group>";
		};
/* End PBXGroup section */

/* Begin PBXNativeTarget section */
		4A999BD82993DE2000F82201 /* newBracketApp */ = {
			isa = PBXNativeTarget;
			buildConfigurationList = 4A999C062993DE2100F82201 /* Build configuration list for PBXNativeTarget "newBracketApp" */;
			buildPhases = (
				4A999BD52993DE2000F82201 /* Sources */,
				4A999BD62993DE2000F82201 /* Frameworks */,
				4A999BD72993DE2000F82201 /* Resources */,
			);
			buildRules = (
			);
			dependencies = (
			);
			name = newBracketApp;
			packageProductDependencies = (
				6867041E29B0DFBA0056AF2F /* FirebaseAnalytics */,
				6867042029B0DFBA0056AF2F /* FirebaseAuth */,
				6867042229B0DFBA0056AF2F /* FirebaseDatabase */,
				6867042429B0DFBA0056AF2F /* FirebaseDatabaseSwift */,
				6867042629B0DFBA0056AF2F /* FirebaseFirestore */,
			);
			productName = newBracketApp;
			productReference = 4A999BD92993DE2000F82201 /* newBracketApp.app */;
			productType = "com.apple.product-type.application";
		};
		4A999BF12993DE2000F82201 /* newBracketAppTests */ = {
			isa = PBXNativeTarget;
			buildConfigurationList = 4A999C092993DE2100F82201 /* Build configuration list for PBXNativeTarget "newBracketAppTests" */;
			buildPhases = (
				4A999BEE2993DE2000F82201 /* Sources */,
				4A999BEF2993DE2000F82201 /* Frameworks */,
				4A999BF02993DE2000F82201 /* Resources */,
			);
			buildRules = (
			);
			dependencies = (
				4A999BF42993DE2000F82201 /* PBXTargetDependency */,
			);
			name = newBracketAppTests;
			productName = newBracketAppTests;
			productReference = 4A999BF22993DE2000F82201 /* newBracketAppTests.xctest */;
			productType = "com.apple.product-type.bundle.unit-test";
		};
		4A999BFB2993DE2100F82201 /* newBracketAppUITests */ = {
			isa = PBXNativeTarget;
			buildConfigurationList = 4A999C0C2993DE2100F82201 /* Build configuration list for PBXNativeTarget "newBracketAppUITests" */;
			buildPhases = (
				4A999BF82993DE2100F82201 /* Sources */,
				4A999BF92993DE2100F82201 /* Frameworks */,
				4A999BFA2993DE2100F82201 /* Resources */,
			);
			buildRules = (
			);
			dependencies = (
				4A999BFE2993DE2100F82201 /* PBXTargetDependency */,
			);
			name = newBracketAppUITests;
			productName = newBracketAppUITests;
			productReference = 4A999BFC2993DE2100F82201 /* newBracketAppUITests.xctest */;
			productType = "com.apple.product-type.bundle.ui-testing";
		};
/* End PBXNativeTarget section */

/* Begin PBXProject section */
		4A999BD12993DE2000F82201 /* Project object */ = {
			isa = PBXProject;
			attributes = {
				BuildIndependentTargetsInParallel = 1;
				LastSwiftUpdateCheck = 1420;
				LastUpgradeCheck = 1420;
				TargetAttributes = {
					4A999BD82993DE2000F82201 = {
						CreatedOnToolsVersion = 14.2;
					};
					4A999BF12993DE2000F82201 = {
						CreatedOnToolsVersion = 14.2;
						TestTargetID = 4A999BD82993DE2000F82201;
					};
					4A999BFB2993DE2100F82201 = {
						CreatedOnToolsVersion = 14.2;
						TestTargetID = 4A999BD82993DE2000F82201;
					};
				};
			};
			buildConfigurationList = 4A999BD42993DE2000F82201 /* Build configuration list for PBXProject "newBracketApp" */;
			compatibilityVersion = "Xcode 14.0";
			developmentRegion = en;
			hasScannedForEncodings = 0;
			knownRegions = (
				en,
				Base,
			);
			mainGroup = 4A999BD02993DE2000F82201;
			packageReferences = (
				6867041D29B0DFBA0056AF2F /* XCRemoteSwiftPackageReference "firebase-ios-sdk" */,
			);
			productRefGroup = 4A999BDA2993DE2000F82201 /* Products */;
			projectDirPath = "";
			projectRoot = "";
			targets = (
				4A999BD82993DE2000F82201 /* newBracketApp */,
				4A999BF12993DE2000F82201 /* newBracketAppTests */,
				4A999BFB2993DE2100F82201 /* newBracketAppUITests */,
			);
		};
/* End PBXProject section */

/* Begin PBXResourcesBuildPhase section */
		4A999BD72993DE2000F82201 /* Resources */ = {
			isa = PBXResourcesBuildPhase;
			buildActionMask = 2147483647;
			files = (
				4A999BEC2993DE2000F82201 /* LaunchScreen.storyboard in Resources */,
				6867041C29B0DE410056AF2F /* GoogleService-Info.plist in Resources */,
				4A999BE92993DE2000F82201 /* Assets.xcassets in Resources */,
				4A999BE42993DE2000F82201 /* Main.storyboard in Resources */,
			);
			runOnlyForDeploymentPostprocessing = 0;
		};
		4A999BF02993DE2000F82201 /* Resources */ = {
			isa = PBXResourcesBuildPhase;
			buildActionMask = 2147483647;
			files = (
			);
			runOnlyForDeploymentPostprocessing = 0;
		};
		4A999BFA2993DE2100F82201 /* Resources */ = {
			isa = PBXResourcesBuildPhase;
			buildActionMask = 2147483647;
			files = (
			);
			runOnlyForDeploymentPostprocessing = 0;
		};
/* End PBXResourcesBuildPhase section */

/* Begin PBXSourcesBuildPhase section */
		4A999BD52993DE2000F82201 /* Sources */ = {
			isa = PBXSourcesBuildPhase;
			buildActionMask = 2147483647;
			files = (
				D8ECDD1829BA3B6C009676C3 /* Bracket4ViewController.swift in Sources */,
				D8ECDD1A29BA3B85009676C3 /* Bracket8ViewController.swift in Sources */,
				4A9D295F299A7F270092B602 /* VsCell.swift in Sources */,
				D899875329AF902000FE9B8F /* NewBracketViewController.swift in Sources */,
				6884ADBA299E68A100C353AD /* roundClass.swift in Sources */,
				4A999BE12993DE2000F82201 /* ViewController.swift in Sources */,
				68641ABA29ACF366000294E8 /* BracketObject.swift in Sources */,
				4A999BE72993DE2000F82201 /* newBracketApp.xcdatamodeld in Sources */,
				683C72E02993E312000059E6 /* matchUp.swift in Sources */,
				4A5E30D629ACF54A00219E34 /* FinalWinnerViewController.swift in Sources */,
				D8ECDD1C29BA3B94009676C3 /* Bracket16ViewController.swift in Sources */,
				4A999BDD2993DE2000F82201 /* AppDelegate.swift in Sources */,
				4AB3AC5D299D1B3F00431938 /* WinnerVC.swift in Sources */,
				4A58200329952D3D0001B875 /* CreatorViewController.swift in Sources */,
				4A999BDF2993DE2000F82201 /* SceneDelegate.swift in Sources */,
				4A58200529952DA10001B875 /* BracketViewController.swift in Sources */,
			);
			runOnlyForDeploymentPostprocessing = 0;
		};
		4A999BEE2993DE2000F82201 /* Sources */ = {
			isa = PBXSourcesBuildPhase;
			buildActionMask = 2147483647;
			files = (
				4A999BF72993DE2100F82201 /* newBracketAppTests.swift in Sources */,
			);
			runOnlyForDeploymentPostprocessing = 0;
		};
		4A999BF82993DE2100F82201 /* Sources */ = {
			isa = PBXSourcesBuildPhase;
			buildActionMask = 2147483647;
			files = (
				4A999C032993DE2100F82201 /* newBracketAppUITestsLaunchTests.swift in Sources */,
				4A999C012993DE2100F82201 /* newBracketAppUITests.swift in Sources */,
			);
			runOnlyForDeploymentPostprocessing = 0;
		};
/* End PBXSourcesBuildPhase section */

/* Begin PBXTargetDependency section */
		4A999BF42993DE2000F82201 /* PBXTargetDependency */ = {
			isa = PBXTargetDependency;
			target = 4A999BD82993DE2000F82201 /* newBracketApp */;
			targetProxy = 4A999BF32993DE2000F82201 /* PBXContainerItemProxy */;
		};
		4A999BFE2993DE2100F82201 /* PBXTargetDependency */ = {
			isa = PBXTargetDependency;
			target = 4A999BD82993DE2000F82201 /* newBracketApp */;
			targetProxy = 4A999BFD2993DE2100F82201 /* PBXContainerItemProxy */;
		};
/* End PBXTargetDependency section */

/* Begin PBXVariantGroup section */
		4A999BE22993DE2000F82201 /* Main.storyboard */ = {
			isa = PBXVariantGroup;
			children = (
				4A999BE32993DE2000F82201 /* Base */,
			);
			name = Main.storyboard;
			sourceTree = "<group>";
		};
		4A999BEA2993DE2000F82201 /* LaunchScreen.storyboard */ = {
			isa = PBXVariantGroup;
			children = (
				4A999BEB2993DE2000F82201 /* Base */,
			);
			name = LaunchScreen.storyboard;
			sourceTree = "<group>";
		};
/* End PBXVariantGroup section */

/* Begin XCBuildConfiguration section */
		4A999C042993DE2100F82201 /* Debug */ = {
			isa = XCBuildConfiguration;
			buildSettings = {
				ALWAYS_SEARCH_USER_PATHS = NO;
				CLANG_ANALYZER_NONNULL = YES;
				CLANG_ANALYZER_NUMBER_OBJECT_CONVERSION = YES_AGGRESSIVE;
				CLANG_CXX_LANGUAGE_STANDARD = "gnu++20";
				CLANG_ENABLE_MODULES = YES;
				CLANG_ENABLE_OBJC_ARC = YES;
				CLANG_ENABLE_OBJC_WEAK = YES;
				CLANG_WARN_BLOCK_CAPTURE_AUTORELEASING = YES;
				CLANG_WARN_BOOL_CONVERSION = YES;
				CLANG_WARN_COMMA = YES;
				CLANG_WARN_CONSTANT_CONVERSION = YES;
				CLANG_WARN_DEPRECATED_OBJC_IMPLEMENTATIONS = YES;
				CLANG_WARN_DIRECT_OBJC_ISA_USAGE = YES_ERROR;
				CLANG_WARN_DOCUMENTATION_COMMENTS = YES;
				CLANG_WARN_EMPTY_BODY = YES;
				CLANG_WARN_ENUM_CONVERSION = YES;
				CLANG_WARN_INFINITE_RECURSION = YES;
				CLANG_WARN_INT_CONVERSION = YES;
				CLANG_WARN_NON_LITERAL_NULL_CONVERSION = YES;
				CLANG_WARN_OBJC_IMPLICIT_RETAIN_SELF = YES;
				CLANG_WARN_OBJC_LITERAL_CONVERSION = YES;
				CLANG_WARN_OBJC_ROOT_CLASS = YES_ERROR;
				CLANG_WARN_QUOTED_INCLUDE_IN_FRAMEWORK_HEADER = YES;
				CLANG_WARN_RANGE_LOOP_ANALYSIS = YES;
				CLANG_WARN_STRICT_PROTOTYPES = YES;
				CLANG_WARN_SUSPICIOUS_MOVE = YES;
				CLANG_WARN_UNGUARDED_AVAILABILITY = YES_AGGRESSIVE;
				CLANG_WARN_UNREACHABLE_CODE = YES;
				CLANG_WARN__DUPLICATE_METHOD_MATCH = YES;
				COPY_PHASE_STRIP = NO;
				DEBUG_INFORMATION_FORMAT = dwarf;
				ENABLE_STRICT_OBJC_MSGSEND = YES;
				ENABLE_TESTABILITY = YES;
				GCC_C_LANGUAGE_STANDARD = gnu11;
				GCC_DYNAMIC_NO_PIC = NO;
				GCC_NO_COMMON_BLOCKS = YES;
				GCC_OPTIMIZATION_LEVEL = 0;
				GCC_PREPROCESSOR_DEFINITIONS = (
					"DEBUG=1",
					"$(inherited)",
				);
				GCC_WARN_64_TO_32_BIT_CONVERSION = YES;
				GCC_WARN_ABOUT_RETURN_TYPE = YES_ERROR;
				GCC_WARN_UNDECLARED_SELECTOR = YES;
				GCC_WARN_UNINITIALIZED_AUTOS = YES_AGGRESSIVE;
				GCC_WARN_UNUSED_FUNCTION = YES;
				GCC_WARN_UNUSED_VARIABLE = YES;
				IPHONEOS_DEPLOYMENT_TARGET = 16.2;
				MTL_ENABLE_DEBUG_INFO = INCLUDE_SOURCE;
				MTL_FAST_MATH = YES;
				ONLY_ACTIVE_ARCH = YES;
				SDKROOT = iphoneos;
				SWIFT_ACTIVE_COMPILATION_CONDITIONS = DEBUG;
				SWIFT_OPTIMIZATION_LEVEL = "-Onone";
			};
			name = Debug;
		};
		4A999C052993DE2100F82201 /* Release */ = {
			isa = XCBuildConfiguration;
			buildSettings = {
				ALWAYS_SEARCH_USER_PATHS = NO;
				CLANG_ANALYZER_NONNULL = YES;
				CLANG_ANALYZER_NUMBER_OBJECT_CONVERSION = YES_AGGRESSIVE;
				CLANG_CXX_LANGUAGE_STANDARD = "gnu++20";
				CLANG_ENABLE_MODULES = YES;
				CLANG_ENABLE_OBJC_ARC = YES;
				CLANG_ENABLE_OBJC_WEAK = YES;
				CLANG_WARN_BLOCK_CAPTURE_AUTORELEASING = YES;
				CLANG_WARN_BOOL_CONVERSION = YES;
				CLANG_WARN_COMMA = YES;
				CLANG_WARN_CONSTANT_CONVERSION = YES;
				CLANG_WARN_DEPRECATED_OBJC_IMPLEMENTATIONS = YES;
				CLANG_WARN_DIRECT_OBJC_ISA_USAGE = YES_ERROR;
				CLANG_WARN_DOCUMENTATION_COMMENTS = YES;
				CLANG_WARN_EMPTY_BODY = YES;
				CLANG_WARN_ENUM_CONVERSION = YES;
				CLANG_WARN_INFINITE_RECURSION = YES;
				CLANG_WARN_INT_CONVERSION = YES;
				CLANG_WARN_NON_LITERAL_NULL_CONVERSION = YES;
				CLANG_WARN_OBJC_IMPLICIT_RETAIN_SELF = YES;
				CLANG_WARN_OBJC_LITERAL_CONVERSION = YES;
				CLANG_WARN_OBJC_ROOT_CLASS = YES_ERROR;
				CLANG_WARN_QUOTED_INCLUDE_IN_FRAMEWORK_HEADER = YES;
				CLANG_WARN_RANGE_LOOP_ANALYSIS = YES;
				CLANG_WARN_STRICT_PROTOTYPES = YES;
				CLANG_WARN_SUSPICIOUS_MOVE = YES;
				CLANG_WARN_UNGUARDED_AVAILABILITY = YES_AGGRESSIVE;
				CLANG_WARN_UNREACHABLE_CODE = YES;
				CLANG_WARN__DUPLICATE_METHOD_MATCH = YES;
				COPY_PHASE_STRIP = NO;
				DEBUG_INFORMATION_FORMAT = "dwarf-with-dsym";
				ENABLE_NS_ASSERTIONS = NO;
				ENABLE_STRICT_OBJC_MSGSEND = YES;
				GCC_C_LANGUAGE_STANDARD = gnu11;
				GCC_NO_COMMON_BLOCKS = YES;
				GCC_WARN_64_TO_32_BIT_CONVERSION = YES;
				GCC_WARN_ABOUT_RETURN_TYPE = YES_ERROR;
				GCC_WARN_UNDECLARED_SELECTOR = YES;
				GCC_WARN_UNINITIALIZED_AUTOS = YES_AGGRESSIVE;
				GCC_WARN_UNUSED_FUNCTION = YES;
				GCC_WARN_UNUSED_VARIABLE = YES;
				IPHONEOS_DEPLOYMENT_TARGET = 16.2;
				MTL_ENABLE_DEBUG_INFO = NO;
				MTL_FAST_MATH = YES;
				SDKROOT = iphoneos;
				SWIFT_COMPILATION_MODE = wholemodule;
				SWIFT_OPTIMIZATION_LEVEL = "-O";
				VALIDATE_PRODUCT = YES;
			};
			name = Release;
		};
		4A999C072993DE2100F82201 /* Debug */ = {
			isa = XCBuildConfiguration;
			buildSettings = {
				ASSETCATALOG_COMPILER_APPICON_NAME = AppIcon;
				ASSETCATALOG_COMPILER_GLOBAL_ACCENT_COLOR_NAME = AccentColor;
				CODE_SIGN_STYLE = Automatic;
				CURRENT_PROJECT_VERSION = 1;
				DEVELOPMENT_TEAM = V7WH4PG3BA;
				GENERATE_INFOPLIST_FILE = YES;
				INFOPLIST_FILE = newBracketApp/Info.plist;
				INFOPLIST_KEY_UIApplicationSupportsIndirectInputEvents = YES;
				INFOPLIST_KEY_UILaunchStoryboardName = LaunchScreen;
				INFOPLIST_KEY_UIMainStoryboardFile = Main;
				INFOPLIST_KEY_UISupportedInterfaceOrientations_iPad = "UIInterfaceOrientationPortrait UIInterfaceOrientationPortraitUpsideDown UIInterfaceOrientationLandscapeLeft UIInterfaceOrientationLandscapeRight";
				INFOPLIST_KEY_UISupportedInterfaceOrientations_iPhone = "UIInterfaceOrientationPortrait UIInterfaceOrientationLandscapeLeft UIInterfaceOrientationLandscapeRight";
				LD_RUNPATH_SEARCH_PATHS = (
					"$(inherited)",
					"@executable_path/Frameworks",
				);
				MARKETING_VERSION = 1.0;
				PRODUCT_BUNDLE_IDENTIFIER = "clc.newBracketApp-Durcan";
				PRODUCT_NAME = "$(TARGET_NAME)";
				SWIFT_EMIT_LOC_STRINGS = YES;
				SWIFT_VERSION = 5.0;
				TARGETED_DEVICE_FAMILY = "1,2";
			};
			name = Debug;
		};
		4A999C082993DE2100F82201 /* Release */ = {
			isa = XCBuildConfiguration;
			buildSettings = {
				ASSETCATALOG_COMPILER_APPICON_NAME = AppIcon;
				ASSETCATALOG_COMPILER_GLOBAL_ACCENT_COLOR_NAME = AccentColor;
				CODE_SIGN_STYLE = Automatic;
				CURRENT_PROJECT_VERSION = 1;
				DEVELOPMENT_TEAM = V7WH4PG3BA;
				GENERATE_INFOPLIST_FILE = YES;
				INFOPLIST_FILE = newBracketApp/Info.plist;
				INFOPLIST_KEY_UIApplicationSupportsIndirectInputEvents = YES;
				INFOPLIST_KEY_UILaunchStoryboardName = LaunchScreen;
				INFOPLIST_KEY_UIMainStoryboardFile = Main;
				INFOPLIST_KEY_UISupportedInterfaceOrientations_iPad = "UIInterfaceOrientationPortrait UIInterfaceOrientationPortraitUpsideDown UIInterfaceOrientationLandscapeLeft UIInterfaceOrientationLandscapeRight";
				INFOPLIST_KEY_UISupportedInterfaceOrientations_iPhone = "UIInterfaceOrientationPortrait UIInterfaceOrientationLandscapeLeft UIInterfaceOrientationLandscapeRight";
				LD_RUNPATH_SEARCH_PATHS = (
					"$(inherited)",
					"@executable_path/Frameworks",
				);
				MARKETING_VERSION = 1.0;
				PRODUCT_BUNDLE_IDENTIFIER = "clc.newBracketApp-Durcan";
				PRODUCT_NAME = "$(TARGET_NAME)";
				SWIFT_EMIT_LOC_STRINGS = YES;
				SWIFT_VERSION = 5.0;
				TARGETED_DEVICE_FAMILY = "1,2";
			};
			name = Release;
		};
		4A999C0A2993DE2100F82201 /* Debug */ = {
			isa = XCBuildConfiguration;
			buildSettings = {
				ALWAYS_EMBED_SWIFT_STANDARD_LIBRARIES = YES;
				BUNDLE_LOADER = "$(TEST_HOST)";
				CODE_SIGN_STYLE = Automatic;
				CURRENT_PROJECT_VERSION = 1;
				DEVELOPMENT_TEAM = G937682Z6T;
				GENERATE_INFOPLIST_FILE = YES;
				IPHONEOS_DEPLOYMENT_TARGET = 16.2;
				MARKETING_VERSION = 1.0;
				PRODUCT_BUNDLE_IDENTIFIER = clc.newBracketAppTests;
				PRODUCT_NAME = "$(TARGET_NAME)";
				SWIFT_EMIT_LOC_STRINGS = NO;
				SWIFT_VERSION = 5.0;
				TARGETED_DEVICE_FAMILY = "1,2";
				TEST_HOST = "$(BUILT_PRODUCTS_DIR)/newBracketApp.app/$(BUNDLE_EXECUTABLE_FOLDER_PATH)/newBracketApp";
			};
			name = Debug;
		};
		4A999C0B2993DE2100F82201 /* Release */ = {
			isa = XCBuildConfiguration;
			buildSettings = {
				ALWAYS_EMBED_SWIFT_STANDARD_LIBRARIES = YES;
				BUNDLE_LOADER = "$(TEST_HOST)";
				CODE_SIGN_STYLE = Automatic;
				CURRENT_PROJECT_VERSION = 1;
				DEVELOPMENT_TEAM = G937682Z6T;
				GENERATE_INFOPLIST_FILE = YES;
				IPHONEOS_DEPLOYMENT_TARGET = 16.2;
				MARKETING_VERSION = 1.0;
				PRODUCT_BUNDLE_IDENTIFIER = clc.newBracketAppTests;
				PRODUCT_NAME = "$(TARGET_NAME)";
				SWIFT_EMIT_LOC_STRINGS = NO;
				SWIFT_VERSION = 5.0;
				TARGETED_DEVICE_FAMILY = "1,2";
				TEST_HOST = "$(BUILT_PRODUCTS_DIR)/newBracketApp.app/$(BUNDLE_EXECUTABLE_FOLDER_PATH)/newBracketApp";
			};
			name = Release;
		};
		4A999C0D2993DE2100F82201 /* Debug */ = {
			isa = XCBuildConfiguration;
			buildSettings = {
				ALWAYS_EMBED_SWIFT_STANDARD_LIBRARIES = YES;
				CODE_SIGN_STYLE = Automatic;
				CURRENT_PROJECT_VERSION = 1;
				DEVELOPMENT_TEAM = G937682Z6T;
				GENERATE_INFOPLIST_FILE = YES;
				MARKETING_VERSION = 1.0;
				PRODUCT_BUNDLE_IDENTIFIER = clc.newBracketAppUITests;
				PRODUCT_NAME = "$(TARGET_NAME)";
				SWIFT_EMIT_LOC_STRINGS = NO;
				SWIFT_VERSION = 5.0;
				TARGETED_DEVICE_FAMILY = "1,2";
				TEST_TARGET_NAME = newBracketApp;
			};
			name = Debug;
		};
		4A999C0E2993DE2100F82201 /* Release */ = {
			isa = XCBuildConfiguration;
			buildSettings = {
				ALWAYS_EMBED_SWIFT_STANDARD_LIBRARIES = YES;
				CODE_SIGN_STYLE = Automatic;
				CURRENT_PROJECT_VERSION = 1;
				DEVELOPMENT_TEAM = G937682Z6T;
				GENERATE_INFOPLIST_FILE = YES;
				MARKETING_VERSION = 1.0;
				PRODUCT_BUNDLE_IDENTIFIER = clc.newBracketAppUITests;
				PRODUCT_NAME = "$(TARGET_NAME)";
				SWIFT_EMIT_LOC_STRINGS = NO;
				SWIFT_VERSION = 5.0;
				TARGETED_DEVICE_FAMILY = "1,2";
				TEST_TARGET_NAME = newBracketApp;
			};
			name = Release;
		};
/* End XCBuildConfiguration section */

/* Begin XCConfigurationList section */
		4A999BD42993DE2000F82201 /* Build configuration list for PBXProject "newBracketApp" */ = {
			isa = XCConfigurationList;
			buildConfigurations = (
				4A999C042993DE2100F82201 /* Debug */,
				4A999C052993DE2100F82201 /* Release */,
			);
			defaultConfigurationIsVisible = 0;
			defaultConfigurationName = Release;
		};
		4A999C062993DE2100F82201 /* Build configuration list for PBXNativeTarget "newBracketApp" */ = {
			isa = XCConfigurationList;
			buildConfigurations = (
				4A999C072993DE2100F82201 /* Debug */,
				4A999C082993DE2100F82201 /* Release */,
			);
			defaultConfigurationIsVisible = 0;
			defaultConfigurationName = Release;
		};
		4A999C092993DE2100F82201 /* Build configuration list for PBXNativeTarget "newBracketAppTests" */ = {
			isa = XCConfigurationList;
			buildConfigurations = (
				4A999C0A2993DE2100F82201 /* Debug */,
				4A999C0B2993DE2100F82201 /* Release */,
			);
			defaultConfigurationIsVisible = 0;
			defaultConfigurationName = Release;
		};
		4A999C0C2993DE2100F82201 /* Build configuration list for PBXNativeTarget "newBracketAppUITests" */ = {
			isa = XCConfigurationList;
			buildConfigurations = (
				4A999C0D2993DE2100F82201 /* Debug */,
				4A999C0E2993DE2100F82201 /* Release */,
			);
			defaultConfigurationIsVisible = 0;
			defaultConfigurationName = Release;
		};
/* End XCConfigurationList section */

/* Begin XCRemoteSwiftPackageReference section */
		6867041D29B0DFBA0056AF2F /* XCRemoteSwiftPackageReference "firebase-ios-sdk" */ = {
			isa = XCRemoteSwiftPackageReference;
			repositoryURL = "https://github.com/firebase/firebase-ios-sdk.git";
			requirement = {
				branch = master;
				kind = branch;
			};
		};
/* End XCRemoteSwiftPackageReference section */

/* Begin XCSwiftPackageProductDependency section */
		6867041E29B0DFBA0056AF2F /* FirebaseAnalytics */ = {
			isa = XCSwiftPackageProductDependency;
			package = 6867041D29B0DFBA0056AF2F /* XCRemoteSwiftPackageReference "firebase-ios-sdk" */;
			productName = FirebaseAnalytics;
		};
		6867042029B0DFBA0056AF2F /* FirebaseAuth */ = {
			isa = XCSwiftPackageProductDependency;
			package = 6867041D29B0DFBA0056AF2F /* XCRemoteSwiftPackageReference "firebase-ios-sdk" */;
			productName = FirebaseAuth;
		};
		6867042229B0DFBA0056AF2F /* FirebaseDatabase */ = {
			isa = XCSwiftPackageProductDependency;
			package = 6867041D29B0DFBA0056AF2F /* XCRemoteSwiftPackageReference "firebase-ios-sdk" */;
			productName = FirebaseDatabase;
		};
		6867042429B0DFBA0056AF2F /* FirebaseDatabaseSwift */ = {
			isa = XCSwiftPackageProductDependency;
			package = 6867041D29B0DFBA0056AF2F /* XCRemoteSwiftPackageReference "firebase-ios-sdk" */;
			productName = FirebaseDatabaseSwift;
		};
		6867042629B0DFBA0056AF2F /* FirebaseFirestore */ = {
			isa = XCSwiftPackageProductDependency;
			package = 6867041D29B0DFBA0056AF2F /* XCRemoteSwiftPackageReference "firebase-ios-sdk" */;
			productName = FirebaseFirestore;
		};
/* End XCSwiftPackageProductDependency section */

/* Begin XCVersionGroup section */
		4A999BE52993DE2000F82201 /* newBracketApp.xcdatamodeld */ = {
			isa = XCVersionGroup;
			children = (
				4A999BE62993DE2000F82201 /* newBracketApp.xcdatamodel */,
			);
			currentVersion = 4A999BE62993DE2000F82201 /* newBracketApp.xcdatamodel */;
			path = newBracketApp.xcdatamodeld;
			sourceTree = "<group>";
			versionGroupType = wrapper.xcdatamodel;
		};
/* End XCVersionGroup section */
	};
	rootObject = 4A999BD12993DE2000F82201 /* Project object */;
}
